
Microsoft Visual Studio Solution File, Format Version 12.00
# Visual Studio Version 17
VisualStudioVersion = 17.0.31903.59
MinimumVisualStudioVersion = 10.0.40219.1
Project("{FAE04EC0-301F-11D3-BF4B-00C04F79EFBC}") = "Havira.API", "Havira.API\Havira.API.csproj", "{3F2C0621-26F4-451A-A4C9-17181CE5F5C7}"
EndProject
Project("{FAE04EC0-301F-11D3-BF4B-00C04F79EFBC}") = "Havira.Application", "Havira.Application\Havira.Application.csproj", "{CBBC940E-5337-47DB-91D2-CD803729A82F}"
EndProject
Project("{FAE04EC0-301F-11D3-BF4B-00C04F79EFBC}") = "Havira.Business", "Havira.Business\Havira.Business.csproj", "{4AB99018-DB4C-4A19-90C8-402B9B4BD5F6}"
EndProject
Project("{FAE04EC0-301F-11D3-BF4B-00C04F79EFBC}") = "Havira.Data", "Havira.Data\Havira.Data.csproj", "{5F732C07-AB59-4512-8934-2C77FADE572A}"
EndProject
Project("{FAE04EC0-301F-11D3-BF4B-00C04F79EFBC}") = "Havira.Infra.Ioc", "Havira.Infra.Ioc\Havira.Infra.Ioc.csproj", "{2D658266-8994-446C-9829-8154902502C7}"
EndProject
Global
	GlobalSection(SolutionConfigurationPlatforms) = preSolution
		Debug|Any CPU = Debug|Any CPU
		Release|Any CPU = Release|Any CPU
	EndGlobalSection
	GlobalSection(SolutionProperties) = preSolution
		HideSolutionNode = FALSE
	EndGlobalSection
	GlobalSection(ProjectConfigurationPlatforms) = postSolution
		{3F2C0621-26F4-451A-A4C9-17181CE5F5C7}.Debug|Any CPU.ActiveCfg = Debug|Any CPU
		{3F2C0621-26F4-451A-A4C9-17181CE5F5C7}.Debug|Any CPU.Build.0 = Debug|Any CPU
		{3F2C0621-26F4-451A-A4C9-17181CE5F5C7}.Release|Any CPU.ActiveCfg = Release|Any CPU
		{3F2C0621-26F4-451A-A4C9-17181CE5F5C7}.Release|Any CPU.Build.0 = Release|Any CPU
		{CBBC940E-5337-47DB-91D2-CD803729A82F}.Debug|Any CPU.ActiveCfg = Debug|Any CPU
		{CBBC940E-5337-47DB-91D2-CD803729A82F}.Debug|Any CPU.Build.0 = Debug|Any CPU
		{CBBC940E-5337-47DB-91D2-CD803729A82F}.Release|Any CPU.ActiveCfg = Release|Any CPU
		{CBBC940E-5337-47DB-91D2-CD803729A82F}.Release|Any CPU.Build.0 = Release|Any CPU
		{4AB99018-DB4C-4A19-90C8-402B9B4BD5F6}.Debug|Any CPU.ActiveCfg = Debug|Any CPU
		{4AB99018-DB4C-4A19-90C8-402B9B4BD5F6}.Debug|Any CPU.Build.0 = Debug|Any CPU
		{4AB99018-DB4C-4A19-90C8-402B9B4BD5F6}.Release|Any CPU.ActiveCfg = Release|Any CPU
		{4AB99018-DB4C-4A19-90C8-402B9B4BD5F6}.Release|Any CPU.Build.0 = Release|Any CPU
		{5F732C07-AB59-4512-8934-2C77FADE572A}.Debug|Any CPU.ActiveCfg = Debug|Any CPU
		{5F732C07-AB59-4512-8934-2C77FADE572A}.Debug|Any CPU.Build.0 = Debug|Any CPU
		{5F732C07-AB59-4512-8934-2C77FADE572A}.Release|Any CPU.ActiveCfg = Release|Any CPU
		{5F732C07-AB59-4512-8934-2C77FADE572A}.Release|Any CPU.Build.0 = Release|Any CPU
		{2D658266-8994-446C-9829-8154902502C7}.Debug|Any CPU.ActiveCfg = Debug|Any CPU
		{2D658266-8994-446C-9829-8154902502C7}.Debug|Any CPU.Build.0 = Debug|Any CPU
		{2D658266-8994-446C-9829-8154902502C7}.Release|Any CPU.ActiveCfg = Release|Any CPU
		{2D658266-8994-446C-9829-8154902502C7}.Release|Any CPU.Build.0 = Release|Any CPU
	EndGlobalSection
EndGlobal
